
Microsoft Visual Studio Solution File, Format Version 12.00
# Visual Studio Version 17
VisualStudioVersion = 17.5.002.0
MinimumVisualStudioVersion = 10.0.40219.1
Project("{9A19103F-16F7-4668-BE54-9A1E7A4F7556}") = "Jester", "Jester.csproj", "{83709FF9-ED26-4606-802F-560A705BE533}"
EndProject
Global
	GlobalSection(SolutionConfigurationPlatforms) = preSolution
		Debug|Any CPU = Debug|Any CPU
		Release|Any CPU = Release|Any CPU
	EndGlobalSection
	GlobalSection(ProjectConfigurationPlatforms) = postSolution
		{83709FF9-ED26-4606-802F-560A705BE533}.Debug|Any CPU.ActiveCfg = Debug|Any CPU
		{83709FF9-ED26-4606-802F-560A705BE533}.Debug|Any CPU.Build.0 = Debug|Any CPU
		{83709FF9-ED26-4606-802F-560A705BE533}.Release|Any CPU.ActiveCfg = Release|Any CPU
		{83709FF9-ED26-4606-802F-560A705BE533}.Release|Any CPU.Build.0 = Release|Any CPU
	EndGlobalSection
	GlobalSection(SolutionProperties) = preSolution
		HideSolutionNode = FALSE
	EndGlobalSection
	GlobalSection(ExtensibilityGlobals) = postSolution
		SolutionGuid = {F6DF7C2B-3286-4744-9425-9C112C5D3B8C}
	EndGlobalSection
EndGlobal
